{
  "nodes": {
    "flatpaks": {
      "inputs": {
        "nixpkgs": "nixpkgs",
        "utils": "utils"
      },
      "locked": {
        "lastModified": 1707326266,
        "narHash": "sha256-vRVih6iltuyLdj305Pj236BfhzFaOkAbHg3r5VsFdxs=",
        "owner": "GermanBread",
        "repo": "declarative-flatpak",
        "rev": "efe7897ddcfbca085fba0690b3094e7f8e8911dd",
        "type": "github"
      },
      "original": {
        "owner": "GermanBread",
        "ref": "stable",
        "repo": "declarative-flatpak",
        "type": "github"
      }
    },
    "home-manager": {
      "inputs": {
        "nixpkgs": [
          "nixpkgs-v23-11"
        ]
      },
      "locked": {
        "lastModified": 1710888565,
        "narHash": "sha256-s9Hi4RHhc6yut4EcYD50sZWRDKsugBJHSbON8KFwoTw=",
        "owner": "nix-community",
        "repo": "home-manager",
        "rev": "f33900124c23c4eca5831b9b5eb32ea5894375ce",
        "type": "github"
      },
      "original": {
        "owner": "nix-community",
        "ref": "release-23.11",
        "repo": "home-manager",
        "type": "github"
      }
    },
    "home-manager_2": {
      "inputs": {
        "nixpkgs": [
          "plasma-manager",
          "nixpkgs"
        ]
      },
      "locked": {
        "lastModified": 1706981411,
        "narHash": "sha256-cLbLPTL1CDmETVh4p0nQtvoF+FSEjsnJTFpTxhXywhQ=",
        "owner": "nix-community",
        "repo": "home-manager",
        "rev": "652fda4ca6dafeb090943422c34ae9145787af37",
        "type": "github"
      },
      "original": {
        "owner": "nix-community",
        "ref": "release-23.11",
        "repo": "home-manager",
        "type": "github"
      }
    },
    "nixpkgs": {
      "locked": {
        "lastModified": 1706098335,
        "narHash": "sha256-r3dWjT8P9/Ah5m5ul4WqIWD8muj5F+/gbCdjiNVBKmU=",
        "owner": "NixOS",
        "repo": "nixpkgs",
        "rev": "a77ab169a83a4175169d78684ddd2e54486ac651",
        "type": "github"
      },
      "original": {
        "owner": "NixOS",
        "ref": "nixos-23.11",
        "repo": "nixpkgs",
        "type": "github"
      }
    },
    "nixpkgs-stable": {
      "locked": {
        "lastModified": 1710628718,
        "narHash": "sha256-y+l3eH53UlENaYa1lmnCBHusZb1kxBEFd2/c7lDsGpw=",
        "owner": "NixOS",
        "repo": "nixpkgs",
        "rev": "6dc11d9859d6a18ab0c5e5829a5b8e4810658de3",
        "type": "github"
      },
      "original": {
        "owner": "NixOS",
        "ref": "release-23.11",
        "repo": "nixpkgs",
        "type": "github"
      }
    },
    "nixpkgs-v22-11": {
      "locked": {
        "lastModified": 1688392541,
        "narHash": "sha256-lHrKvEkCPTUO+7tPfjIcb7Trk6k31rz18vkyqmkeJfY=",
        "owner": "nixos",
        "repo": "nixpkgs",
        "rev": "ea4c80b39be4c09702b0cb3b42eab59e2ba4f24b",
        "type": "github"
      },
      "original": {
        "owner": "nixos",
        "ref": "nixos-22.11",
        "repo": "nixpkgs",
        "type": "github"
      }
    },
    "nixpkgs-v23-11": {
      "locked": {
        "lastModified": 1711124224,
        "narHash": "sha256-l0zlN/3CiodvWDtfBOVxeTwYSRz93muVbXWSpaMjXxM=",
        "owner": "nixos",
        "repo": "nixpkgs",
        "rev": "56528ee42526794d413d6f244648aaee4a7b56c0",
        "type": "github"
      },
      "original": {
        "owner": "nixos",
        "ref": "nixos-23.11",
        "repo": "nixpkgs",
        "type": "github"
      }
    },
    "nixpkgs_2": {
      "locked": {
        "lastModified": 1708294118,
        "narHash": "sha256-evZzmLW7qoHXf76VCepvun1esZDxHfVRFUJtumD7L2M=",
        "owner": "NixOS",
        "repo": "nixpkgs",
        "rev": "e0da498ad77ac8909a980f07eff060862417ccf7",
        "type": "github"
      },
      "original": {
        "owner": "NixOS",
        "ref": "nixos-23.11",
        "repo": "nixpkgs",
        "type": "github"
      }
    },
    "plasma-manager": {
      "inputs": {
        "home-manager": "home-manager_2",
        "nixpkgs": "nixpkgs_2"
      },
      "locked": {
        "lastModified": 1711199893,
        "narHash": "sha256-RljgO8GIO0ZOabOamLN7lBSRc5gBhv13PSpy5iG9sfU=",
        "owner": "pjones",
        "repo": "plasma-manager",
        "rev": "dda62b19015736d59069e7cbeda86ea7f320fc1a",
        "type": "github"
      },
      "original": {
        "owner": "pjones",
        "repo": "plasma-manager",
        "type": "github"
      }
    },
    "root": {
      "inputs": {
        "flatpaks": "flatpaks",
        "home-manager": "home-manager",
        "nixpkgs-v22-11": "nixpkgs-v22-11",
        "nixpkgs-v23-11": "nixpkgs-v23-11",
        "plasma-manager": "plasma-manager",
        "sops-nix": "sops-nix"
      }
    },
    "sops-nix": {
      "inputs": {
        "nixpkgs": [
          "nixpkgs-v23-11"
        ],
        "nixpkgs-stable": "nixpkgs-stable"
      },
      "locked": {
        "lastModified": 1710644594,
        "narHash": "sha256-RquCuzxfy4Nr8DPbdp3D/AsbYep21JgQzG8aMH9jJ4A=",
        "owner": "Mic92",
        "repo": "sops-nix",
        "rev": "83b68a0e8c94b72cdd0a6e547a14ca7eb1c03616",
        "type": "github"
      },
      "original": {
        "owner": "Mic92",
        "repo": "sops-nix",
        "type": "github"
      }
    },
    "systems": {
      "locked": {
        "lastModified": 1681028828,
        "narHash": "sha256-Vy1rq5AaRuLzOxct8nz4T6wlgyUR7zLU309k9mBC768=",
        "owner": "nix-systems",
        "repo": "default",
        "rev": "da67096a3b9bf56a91d16901293e51ba5b49a27e",
        "type": "github"
      },
      "original": {
        "owner": "nix-systems",
        "repo": "default",
        "type": "github"
      }
    },
    "utils": {
      "inputs": {
        "systems": "systems"
      },
      "locked": {
        "lastModified": 1705309234,
        "narHash": "sha256-uNRRNRKmJyCRC/8y1RqBkqWBLM034y4qN7EprSdmgyA=",
        "owner": "numtide",
        "repo": "flake-utils",
        "rev": "1ef2e671c3b0c19053962c07dbda38332dcebf26",
        "type": "github"
      },
      "original": {
        "owner": "numtide",
        "repo": "flake-utils",
        "type": "github"
      }
    }
  },
  "root": "root",
  "version": 7
}
